{
  "name": "Lombiq.TrainingDemo",
  "lockfileVersion": 2,
  "requires": true,
  "packages": {
    "": {
      "dependencies": {
        "pickr-widget": "0.3.6"
      }
    },
    "node_modules/pickr-widget": {
      "version": "0.3.6",
      "resolved": "https://registry.npmjs.org/pickr-widget/-/pickr-widget-0.3.6.tgz",
      "integrity": "sha512-aSvMgVICjTaGzODVOp/B0xHqL3tMRMsGvVHkXmnn7vPWSNUwMsPY3a6+Y4YkTsGzzu+OPSmXmnMdPCUBv63vVA==",
      "deprecated": "Module has been moved to organization, use npm i @simonwep/pickr"
    }
  },
  "dependencies": {
    "pickr-widget": {
      "version": "0.3.6",
      "resolved": "https://registry.npmjs.org/pickr-widget/-/pickr-widget-0.3.6.tgz",
      "integrity": "sha512-aSvMgVICjTaGzODVOp/B0xHqL3tMRMsGvVHkXmnn7vPWSNUwMsPY3a6+Y4YkTsGzzu+OPSmXmnMdPCUBv63vVA=="
    }
  }
}
