{
  "requires": true,
  "lockfileVersion": 1,
  "dependencies": {
    "pickr-widget": {
      "version": "0.3.6",
      "resolved": "https://registry.npmjs.org/pickr-widget/-/pickr-widget-0.3.6.tgz",
      "integrity": "sha512-aSvMgVICjTaGzODVOp/B0xHqL3tMRMsGvVHkXmnn7vPWSNUwMsPY3a6+Y4YkTsGzzu+OPSmXmnMdPCUBv63vVA=="
    }
  }
}
